{
  "version": 4,
  "terraform_version": "1.7.4",
  "serial": 16,
  "lineage": "0e6754ff-170b-35fa-2ebe-de0605ce3d84",
  "outputs": {
    "public_ip": {
      "value": "51.158.102.176",
      "type": "string"
    }
  },
  "resources": [
    {
      "mode": "managed",
      "type": "scaleway_instance_ip",
      "name": "server_ip",
      "provider": "provider[\"registry.terraform.io/scaleway/scaleway\"]",
      "instances": [
        {
          "schema_version": 0,
          "attributes": {
            "address": "51.158.102.176",
            "id": "fr-par-1/bcebb4eb-7905-4831-a3b2-7956a7576701",
            "organization_id": "a3ffa5cd-d8d6-414c-8e0c-42d80a542df6",
            "prefix": "51.158.102.176/32",
            "project_id": "8812b4f4-fe78-4933-9a36-80b86dd2f5e1",
            "reverse": "",
            "server_id": "fr-par-1/dc7dc029-32b0-4e8a-b7aa-e3fe43efdf8e",
            "tags": null,
            "timeouts": null,
            "type": "nat",
            "zone": "fr-par-1"
          },
          "sensitive_attributes": [],
          "private": "eyJlMmJmYjczMC1lY2FhLTExZTYtOGY4OC0zNDM2M2JjN2M0YzAiOnsiY3JlYXRlIjo2MDAwMDAwMDAwMCwiZGVmYXVsdCI6NjAwMDAwMDAwMDAsImRlbGV0ZSI6NjAwMDAwMDAwMDAsInJlYWQiOjYwMDAwMDAwMDAwLCJ1cGRhdGUiOjYwMDAwMDAwMDAwfX0="
        }
      ]
    },
    {
      "mode": "managed",
      "type": "scaleway_instance_security_group",
      "name": "www",
      "provider": "provider[\"registry.terraform.io/scaleway/scaleway\"]",
      "instances": [
        {
          "schema_version": 0,
          "attributes": {
            "description": "",
            "enable_default_security": true,
            "external_rules": false,
            "id": "fr-par-1/74867afd-cda9-4019-9f08-6cc0479c347e",
            "inbound_default_policy": "drop",
            "inbound_rule": [
              {
                "action": "accept",
                "ip": "",
                "ip_range": "0.0.0.0/0",
                "port": 22,
                "port_range": "",
                "protocol": "TCP"
              },
              {
                "action": "accept",
                "ip": "",
                "ip_range": "",
                "port": 443,
                "port_range": "",
                "protocol": "TCP"
              }
            ],
            "name": "tf-sg-stupefied-thompson",
            "organization_id": "a3ffa5cd-d8d6-414c-8e0c-42d80a542df6",
            "outbound_default_policy": "accept",
            "outbound_rule": [],
            "project_id": "8812b4f4-fe78-4933-9a36-80b86dd2f5e1",
            "stateful": true,
            "tags": [],
            "timeouts": null,
            "zone": "fr-par-1"
          },
          "sensitive_attributes": [],
          "private": "eyJlMmJmYjczMC1lY2FhLTExZTYtOGY4OC0zNDM2M2JjN2M0YzAiOnsiY3JlYXRlIjo2MDAwMDAwMDAwMCwiZGVmYXVsdCI6NjAwMDAwMDAwMDAsImRlbGV0ZSI6NjAwMDAwMDAwMDAsInJlYWQiOjYwMDAwMDAwMDAwLCJ1cGRhdGUiOjYwMDAwMDAwMDAwfX0="
        }
      ]
    },
    {
      "mode": "managed",
      "type": "scaleway_instance_server",
      "name": "web",
      "provider": "provider[\"registry.terraform.io/scaleway/scaleway\"]",
      "instances": [
        {
          "schema_version": 0,
          "attributes": {
            "additional_volume_ids": [],
            "boot_type": "local",
            "bootscript_id": "fdfe150f-a870-4ce4-b432-9f56b5b995c1",
            "cloud_init": null,
            "enable_dynamic_ip": false,
            "enable_ipv6": false,
            "id": "fr-par-1/dc7dc029-32b0-4e8a-b7aa-e3fe43efdf8e",
            "image": "ubuntu_jammy",
            "ip_id": "fr-par-1/bcebb4eb-7905-4831-a3b2-7956a7576701",
            "ip_ids": [],
            "ipv6_address": "",
            "ipv6_gateway": "",
            "ipv6_prefix_length": 0,
            "name": "Cloud-1 server",
            "organization_id": "a3ffa5cd-d8d6-414c-8e0c-42d80a542df6",
            "placement_group_id": null,
            "placement_group_policy_respected": null,
            "private_ip": "10.64.178.69",
            "private_network": [],
            "project_id": "8812b4f4-fe78-4933-9a36-80b86dd2f5e1",
            "public_ip": "51.158.102.176",
            "public_ips": [
              {
                "address": "51.158.102.176",
                "id": "fr-par-1/bcebb4eb-7905-4831-a3b2-7956a7576701"
              }
            ],
            "replace_on_type_change": false,
            "root_volume": [
              {
                "boot": false,
                "delete_on_termination": true,
                "name": "Ubuntu 22.04 Jammy Jellyfish",
                "size_in_gb": 20,
                "volume_id": "fr-par-1/d8c288ad-9c22-4154-8221-9ef97c4da905",
                "volume_type": "l_ssd"
              }
            ],
            "routed_ip_enabled": false,
            "security_group_id": "fr-par-1/74867afd-cda9-4019-9f08-6cc0479c347e",
            "state": "started",
            "tags": null,
            "timeouts": null,
            "type": "DEV1-S",
            "user_data": {},
            "zone": "fr-par-1"
          },
          "sensitive_attributes": [],
          "private": "eyJlMmJmYjczMC1lY2FhLTExZTYtOGY4OC0zNDM2M2JjN2M0YzAiOnsiY3JlYXRlIjo2MDAwMDAwMDAwMDAsImRlZmF1bHQiOjYwMDAwMDAwMDAwMCwiZGVsZXRlIjo2MDAwMDAwMDAwMDAsInJlYWQiOjYwMDAwMDAwMDAwMCwidXBkYXRlIjo2MDAwMDAwMDAwMDB9fQ==",
          "dependencies": [
            "scaleway_instance_ip.server_ip",
            "scaleway_instance_security_group.www"
          ]
        }
      ]
    }
  ],
  "check_results": null
}
